
Microsoft Visual Studio Solution File, Format Version 12.00
# Visual Studio Version 17
VisualStudioVersion = 17.5.33516.290
MinimumVisualStudioVersion = 10.0.40219.1
Project("{FAE04EC0-301F-11D3-BF4B-00C04F79EFBC}") = "InheritanceC2", "InheritanceC2\InheritanceC2.csproj", "{D49D8401-A083-446E-8CC5-9692A2075877}"
EndProject
Global
	GlobalSection(SolutionConfigurationPlatforms) = preSolution
		Debug|Any CPU = Debug|Any CPU
		Release|Any CPU = Release|Any CPU
	EndGlobalSection
	GlobalSection(ProjectConfigurationPlatforms) = postSolution
		{D49D8401-A083-446E-8CC5-9692A2075877}.Debug|Any CPU.ActiveCfg = Debug|Any CPU
		{D49D8401-A083-446E-8CC5-9692A2075877}.Debug|Any CPU.Build.0 = Debug|Any CPU
		{D49D8401-A083-446E-8CC5-9692A2075877}.Release|Any CPU.ActiveCfg = Release|Any CPU
		{D49D8401-A083-446E-8CC5-9692A2075877}.Release|Any CPU.Build.0 = Release|Any CPU
	EndGlobalSection
	GlobalSection(SolutionProperties) = preSolution
		HideSolutionNode = FALSE
	EndGlobalSection
	GlobalSection(ExtensibilityGlobals) = postSolution
		SolutionGuid = {50596AF6-7EE8-43EE-B4F1-CDA5D6D7994F}
	EndGlobalSection
EndGlobal
