
Microsoft Visual Studio Solution File, Format Version 12.00
# Visual Studio Version 17
VisualStudioVersion = 17.5.33516.290
MinimumVisualStudioVersion = 10.0.40219.1
Project("{FAE04EC0-301F-11D3-BF4B-00C04F79EFBC}") = "EnhancedIfStatementsChallenge", "EnhancedIfStatementsChallenge\EnhancedIfStatementsChallenge.csproj", "{D991238E-0A1E-4C6E-917C-9F73F1031C72}"
EndProject
Global
	GlobalSection(SolutionConfigurationPlatforms) = preSolution
		Debug|Any CPU = Debug|Any CPU
		Release|Any CPU = Release|Any CPU
	EndGlobalSection
	GlobalSection(ProjectConfigurationPlatforms) = postSolution
		{D991238E-0A1E-4C6E-917C-9F73F1031C72}.Debug|Any CPU.ActiveCfg = Debug|Any CPU
		{D991238E-0A1E-4C6E-917C-9F73F1031C72}.Debug|Any CPU.Build.0 = Debug|Any CPU
		{D991238E-0A1E-4C6E-917C-9F73F1031C72}.Release|Any CPU.ActiveCfg = Release|Any CPU
		{D991238E-0A1E-4C6E-917C-9F73F1031C72}.Release|Any CPU.Build.0 = Release|Any CPU
	EndGlobalSection
	GlobalSection(SolutionProperties) = preSolution
		HideSolutionNode = FALSE
	EndGlobalSection
	GlobalSection(ExtensibilityGlobals) = postSolution
		SolutionGuid = {1E12DC14-A52A-440A-A88D-5ABDF3C56DBB}
	EndGlobalSection
EndGlobal
