
Microsoft Visual Studio Solution File, Format Version 12.00
# Visual Studio Version 17
VisualStudioVersion = 17.5.33516.290
MinimumVisualStudioVersion = 10.0.40219.1
Project("{FAE04EC0-301F-11D3-BF4B-00C04F79EFBC}") = "WPF ZooManager", "WPF ZooManager.csproj", "{086BFDD5-25D2-44E8-BB3F-1E8EE8143753}"
EndProject
Global
	GlobalSection(SolutionConfigurationPlatforms) = preSolution
		Debug|Any CPU = Debug|Any CPU
		Release|Any CPU = Release|Any CPU
	EndGlobalSection
	GlobalSection(ProjectConfigurationPlatforms) = postSolution
		{086BFDD5-25D2-44E8-BB3F-1E8EE8143753}.Debug|Any CPU.ActiveCfg = Debug|Any CPU
		{086BFDD5-25D2-44E8-BB3F-1E8EE8143753}.Debug|Any CPU.Build.0 = Debug|Any CPU
		{086BFDD5-25D2-44E8-BB3F-1E8EE8143753}.Release|Any CPU.ActiveCfg = Release|Any CPU
		{086BFDD5-25D2-44E8-BB3F-1E8EE8143753}.Release|Any CPU.Build.0 = Release|Any CPU
	EndGlobalSection
	GlobalSection(SolutionProperties) = preSolution
		HideSolutionNode = FALSE
	EndGlobalSection
	GlobalSection(ExtensibilityGlobals) = postSolution
		SolutionGuid = {D4AAF9E1-CD54-492F-B232-305210A8F8DA}
	EndGlobalSection
EndGlobal
